
Microsoft Visual Studio Solution File, Format Version 12.00
# Visual Studio 15
VisualStudioVersion = 15.0.28307.421
MinimumVisualStudioVersion = 10.0.40219.1
Project("{FAE04EC0-301F-11D3-BF4B-00C04F79EFBC}") = "BirtydayApp", "BirtydayApp\BirtydayApp.csproj", "{3DCA28D6-E17C-4678-8349-A1491B2EB1B7}"
EndProject
Project("{FAE04EC0-301F-11D3-BF4B-00C04F79EFBC}") = "JQueryApp", "JQueryApp\JQueryApp.csproj", "{104A1C14-98F2-46CD-BAA9-A66D9EFAE8A1}"
EndProject
Global
	GlobalSection(SolutionConfigurationPlatforms) = preSolution
		Debug|Any CPU = Debug|Any CPU
		Release|Any CPU = Release|Any CPU
	EndGlobalSection
	GlobalSection(ProjectConfigurationPlatforms) = postSolution
		{3DCA28D6-E17C-4678-8349-A1491B2EB1B7}.Debug|Any CPU.ActiveCfg = Debug|Any CPU
		{3DCA28D6-E17C-4678-8349-A1491B2EB1B7}.Debug|Any CPU.Build.0 = Debug|Any CPU
		{3DCA28D6-E17C-4678-8349-A1491B2EB1B7}.Release|Any CPU.ActiveCfg = Release|Any CPU
		{3DCA28D6-E17C-4678-8349-A1491B2EB1B7}.Release|Any CPU.Build.0 = Release|Any CPU
		{104A1C14-98F2-46CD-BAA9-A66D9EFAE8A1}.Debug|Any CPU.ActiveCfg = Debug|Any CPU
		{104A1C14-98F2-46CD-BAA9-A66D9EFAE8A1}.Debug|Any CPU.Build.0 = Debug|Any CPU
		{104A1C14-98F2-46CD-BAA9-A66D9EFAE8A1}.Release|Any CPU.ActiveCfg = Release|Any CPU
		{104A1C14-98F2-46CD-BAA9-A66D9EFAE8A1}.Release|Any CPU.Build.0 = Release|Any CPU
	EndGlobalSection
	GlobalSection(SolutionProperties) = preSolution
		HideSolutionNode = FALSE
	EndGlobalSection
	GlobalSection(ExtensibilityGlobals) = postSolution
		SolutionGuid = {3B938B5E-6310-4AAF-96AE-0F1E65862193}
	EndGlobalSection
EndGlobal
